
Microsoft Visual Studio Solution File, Format Version 12.00
# Visual Studio Version 16
VisualStudioVersion = 16.0.33214.272
MinimumVisualStudioVersion = 10.0.40219.1
Project("{888888A0-9F3D-457C-B088-3A5042F75D52}") = "HHS_Python", "HHS_Python\HHS_Python.pyproj", "{A46B1CF6-DB60-48E4-8BAB-3BC0C7DE849E}"
EndProject
Global
	GlobalSection(SolutionConfigurationPlatforms) = preSolution
		Debug|Any CPU = Debug|Any CPU
		Release|Any CPU = Release|Any CPU
	EndGlobalSection
	GlobalSection(ProjectConfigurationPlatforms) = postSolution
		{A46B1CF6-DB60-48E4-8BAB-3BC0C7DE849E}.Debug|Any CPU.ActiveCfg = Debug|Any CPU
		{A46B1CF6-DB60-48E4-8BAB-3BC0C7DE849E}.Release|Any CPU.ActiveCfg = Release|Any CPU
	EndGlobalSection
	GlobalSection(SolutionProperties) = preSolution
		HideSolutionNode = FALSE
	EndGlobalSection
	GlobalSection(ExtensibilityGlobals) = postSolution
		SolutionGuid = {C22395D0-D45C-457B-A67E-79A6111212CD}
	EndGlobalSection
EndGlobal
